// !$*UTF8*$!
{
	archiveVersion = 1;
	classes = {
	};
	objectVersion = 48;
	objects = {

/* Begin PBXBuildFile section */
		669A624C8F6FD631D8A42283 /* Pods_Newspaper.framework in Frameworks */ = {isa = PBXBuildFile; fileRef = 0FBF7EAFAAB6CC33F51DC058 /* Pods_Newspaper.framework */; };
		EF1831521F9FB36400BE0140 /* Login.storyboard in Resources */ = {isa = PBXBuildFile; fileRef = EF1831511F9FB36400BE0140 /* Login.storyboard */; };
		EF1831571FA008D000BE0140 /* StartViewController.swift in Sources */ = {isa = PBXBuildFile; fileRef = EF1831561FA008D000BE0140 /* StartViewController.swift */; };
		EF1831591FA00BFB00BE0140 /* MoreLoginOptionViewController.swift in Sources */ = {isa = PBXBuildFile; fileRef = EF1831581FA00BFB00BE0140 /* MoreLoginOptionViewController.swift */; };
		EF18315D1FA011C000BE0140 /* LogInViewController.swift in Sources */ = {isa = PBXBuildFile; fileRef = EF18315C1FA011C000BE0140 /* LogInViewController.swift */; };
		EF18315F1FA011EB00BE0140 /* CreateAccountViewController.swift in Sources */ = {isa = PBXBuildFile; fileRef = EF18315E1FA011EB00BE0140 /* CreateAccountViewController.swift */; };
		EF1831611FA0D1EF00BE0140 /* AuthService.swift in Sources */ = {isa = PBXBuildFile; fileRef = EF1831601FA0D1EF00BE0140 /* AuthService.swift */; };
		EF184D8C1FA813E8000459A4 /* SourceOpenTableViewController.swift in Sources */ = {isa = PBXBuildFile; fileRef = EF184D8B1FA813E8000459A4 /* SourceOpenTableViewController.swift */; };
		EF184D8E1FA815F7000459A4 /* SourceOpenTableViewCell.swift in Sources */ = {isa = PBXBuildFile; fileRef = EF184D8D1FA815F7000459A4 /* SourceOpenTableViewCell.swift */; };
		EF184D901FA8C6F9000459A4 /* Segue.swift in Sources */ = {isa = PBXBuildFile; fileRef = EF184D8F1FA8C6F9000459A4 /* Segue.swift */; };
		EF184D941FAABD43000459A4 /* ArticleOpenViewController.swift in Sources */ = {isa = PBXBuildFile; fileRef = EF184D931FAABD43000459A4 /* ArticleOpenViewController.swift */; };
		EF184D971FAB96EA000459A4 /* SubscriptionTableViewController.swift in Sources */ = {isa = PBXBuildFile; fileRef = EF184D961FAB96EA000459A4 /* SubscriptionTableViewController.swift */; };
		EF184DA11FAB9BBA000459A4 /* StarsTableViewController.swift in Sources */ = {isa = PBXBuildFile; fileRef = EF184DA01FAB9BBA000459A4 /* StarsTableViewController.swift */; };
		EF184DA41FAB9C7E000459A4 /* SavedPagesTableViewController.swift in Sources */ = {isa = PBXBuildFile; fileRef = EF184DA31FAB9C7E000459A4 /* SavedPagesTableViewController.swift */; };
		EF184DA71FAB9CF2000459A4 /* TagsTableViewController.swift in Sources */ = {isa = PBXBuildFile; fileRef = EF184DA61FAB9CF2000459A4 /* TagsTableViewController.swift */; };
		EF184DB31FABCE99000459A4 /* SubscriptionSearchTableViewCell.swift in Sources */ = {isa = PBXBuildFile; fileRef = EF184DB21FABCE99000459A4 /* SubscriptionSearchTableViewCell.swift */; };
		EF184DB51FABD1C8000459A4 /* AllArticlesTableViewCell.swift in Sources */ = {isa = PBXBuildFile; fileRef = EF184DB41FABD1C8000459A4 /* AllArticlesTableViewCell.swift */; };
		EF184DB71FABD571000459A4 /* SubsriptionSourcesTableViewCell.swift in Sources */ = {isa = PBXBuildFile; fileRef = EF184DB61FABD571000459A4 /* SubsriptionSourcesTableViewCell.swift */; };
		EF184DBB1FABE5D7000459A4 /* StarsTableViewCell.swift in Sources */ = {isa = PBXBuildFile; fileRef = EF184DBA1FABE5D7000459A4 /* StarsTableViewCell.swift */; };
		EF184DBD1FABE62E000459A4 /* StarsSearchTableViewCell.swift in Sources */ = {isa = PBXBuildFile; fileRef = EF184DBC1FABE62E000459A4 /* StarsSearchTableViewCell.swift */; };
		EF1E12711FAD94B7000EF3AF /* StartTabBarController.swift in Sources */ = {isa = PBXBuildFile; fileRef = EF1E12701FAD94B7000EF3AF /* StartTabBarController.swift */; };
		EF1E12731FAF23D3000EF3AF /* SubcriptionSourceOpenTableViewController.swift in Sources */ = {isa = PBXBuildFile; fileRef = EF1E12721FAF23D3000EF3AF /* SubcriptionSourceOpenTableViewController.swift */; };
		EF2921E41FAD03CA005EC01A /* Extensions.swift in Sources */ = {isa = PBXBuildFile; fileRef = EF2921E31FAD03CA005EC01A /* Extensions.swift */; };
		EF2921E91FAD6296005EC01A /* StoryboardID.swift in Sources */ = {isa = PBXBuildFile; fileRef = EF2921E81FAD6296005EC01A /* StoryboardID.swift */; };
		EF53C9311F758405009A1DB8 /* AppDelegate.swift in Sources */ = {isa = PBXBuildFile; fileRef = EF53C9301F758405009A1DB8 /* AppDelegate.swift */; };
		EF53C9331F758405009A1DB8 /* ViewController.swift in Sources */ = {isa = PBXBuildFile; fileRef = EF53C9321F758405009A1DB8 /* ViewController.swift */; };
		EF53C93B1F758405009A1DB8 /* LaunchScreen.storyboard in Resources */ = {isa = PBXBuildFile; fileRef = EF53C9391F758405009A1DB8 /* LaunchScreen.storyboard */; };
		EF53C9461F759569009A1DB8 /* NetworkProcessor.swift in Sources */ = {isa = PBXBuildFile; fileRef = EF53C9451F759569009A1DB8 /* NetworkProcessor.swift */; };
		EF53C9491F759CF9009A1DB8 /* Article.swift in Sources */ = {isa = PBXBuildFile; fileRef = EF53C9481F759CF9009A1DB8 /* Article.swift */; };
		EF53C94B1F759D09009A1DB8 /* Articles.swift in Sources */ = {isa = PBXBuildFile; fileRef = EF53C94A1F759D09009A1DB8 /* Articles.swift */; };
		EF53C94D1F759D44009A1DB8 /* Source.swift in Sources */ = {isa = PBXBuildFile; fileRef = EF53C94C1F759D44009A1DB8 /* Source.swift */; };
		EF53C94F1F759D54009A1DB8 /* Sources.swift in Sources */ = {isa = PBXBuildFile; fileRef = EF53C94E1F759D54009A1DB8 /* Sources.swift */; };
		EF53C9531F75C983009A1DB8 /* NewsAPIServices.swift in Sources */ = {isa = PBXBuildFile; fileRef = EF53C9521F75C983009A1DB8 /* NewsAPIServices.swift */; };
		EF53C95B1F75F70C009A1DB8 /* GoogleService-Info.plist in Resources */ = {isa = PBXBuildFile; fileRef = EF53C95A1F75F70C009A1DB8 /* GoogleService-Info.plist */; };
		EF53C95D1F75F83C009A1DB8 /* FirArticle.swift in Sources */ = {isa = PBXBuildFile; fileRef = EF53C95C1F75F83C009A1DB8 /* FirArticle.swift */; };
		EF5F8E9B1FAC1A740019EAA4 /* SavedSearchTableViewCell.swift in Sources */ = {isa = PBXBuildFile; fileRef = EF5F8E9A1FAC1A740019EAA4 /* SavedSearchTableViewCell.swift */; };
		EF5F8E9D1FAC1BB60019EAA4 /* SavedSourceTableViewCell.swift in Sources */ = {isa = PBXBuildFile; fileRef = EF5F8E9C1FAC1BB60019EAA4 /* SavedSourceTableViewCell.swift */; };
		EF5F8E9F1FAC251F0019EAA4 /* TagSearchTableViewCell.swift in Sources */ = {isa = PBXBuildFile; fileRef = EF5F8E9E1FAC251F0019EAA4 /* TagSearchTableViewCell.swift */; };
		EF5F8EA11FAC26640019EAA4 /* AllTagsTableViewCell.swift in Sources */ = {isa = PBXBuildFile; fileRef = EF5F8EA01FAC26640019EAA4 /* AllTagsTableViewCell.swift */; };
		EF5F8EA31FAC2A0D0019EAA4 /* TagTableViewCell.swift in Sources */ = {isa = PBXBuildFile; fileRef = EF5F8EA21FAC2A0D0019EAA4 /* TagTableViewCell.swift */; };
		EF5F8EA51FACD5520019EAA4 /* TabBar.storyboard in Resources */ = {isa = PBXBuildFile; fileRef = EF5F8EA41FACD5520019EAA4 /* TabBar.storyboard */; };
		EF5F8EA91FACD9990019EAA4 /* Subscriptions.storyboard in Resources */ = {isa = PBXBuildFile; fileRef = EF5F8EA81FACD9990019EAA4 /* Subscriptions.storyboard */; };
		EF5F8EAB1FACDB930019EAA4 /* Stars.storyboard in Resources */ = {isa = PBXBuildFile; fileRef = EF5F8EAA1FACDB930019EAA4 /* Stars.storyboard */; };
		EF5F8EAD1FACDC410019EAA4 /* SavedPages.storyboard in Resources */ = {isa = PBXBuildFile; fileRef = EF5F8EAC1FACDC410019EAA4 /* SavedPages.storyboard */; };
		EF5F8EAF1FACDC880019EAA4 /* Tags.storyboard in Resources */ = {isa = PBXBuildFile; fileRef = EF5F8EAE1FACDC880019EAA4 /* Tags.storyboard */; };
		EF94F8331FC60CE6006A8BCD /* FirApi.swift in Sources */ = {isa = PBXBuildFile; fileRef = EF94F8321FC60CE6006A8BCD /* FirApi.swift */; };
		EF94F8351FC60E8B006A8BCD /* SubscriptionApi.swift in Sources */ = {isa = PBXBuildFile; fileRef = EF94F8341FC60E8B006A8BCD /* SubscriptionApi.swift */; };
		EF94F8371FC60EEB006A8BCD /* StarsApi.swift in Sources */ = {isa = PBXBuildFile; fileRef = EF94F8361FC60EEB006A8BCD /* StarsApi.swift */; };
		EF94F8391FC60F1D006A8BCD /* SavedPagesApi.swift in Sources */ = {isa = PBXBuildFile; fileRef = EF94F8381FC60F1D006A8BCD /* SavedPagesApi.swift */; };
		EF94F83B1FC60F48006A8BCD /* TagsApi.swift in Sources */ = {isa = PBXBuildFile; fileRef = EF94F83A1FC60F48006A8BCD /* TagsApi.swift */; };
		EF94F83D1FC6152C006A8BCD /* UserApi.swift in Sources */ = {isa = PBXBuildFile; fileRef = EF94F83C1FC6152C006A8BCD /* UserApi.swift */; };
		EF94F83F1FC6207F006A8BCD /* ArticleConverter.swift in Sources */ = {isa = PBXBuildFile; fileRef = EF94F83E1FC6207F006A8BCD /* ArticleConverter.swift */; };
		EFAD06351FA25DD400E36241 /* Cell.swift in Sources */ = {isa = PBXBuildFile; fileRef = EFAD06341FA25DD400E36241 /* Cell.swift */; };
		EFAD06381FA25F1400E36241 /* CategoryExploreTableViewController.swift in Sources */ = {isa = PBXBuildFile; fileRef = EFAD06371FA25F1400E36241 /* CategoryExploreTableViewController.swift */; };
		EFAD063A1FA25FBA00E36241 /* SearchTableViewCell.swift in Sources */ = {isa = PBXBuildFile; fileRef = EFAD06391FA25FBA00E36241 /* SearchTableViewCell.swift */; };
		EFAD063C1FA25FE500E36241 /* CategoryExploreTableViewCell.swift in Sources */ = {isa = PBXBuildFile; fileRef = EFAD063B1FA25FE500E36241 /* CategoryExploreTableViewCell.swift */; };
		EFAD063E1FA2601E00E36241 /* CategoryExploreCollectionViewCell.swift in Sources */ = {isa = PBXBuildFile; fileRef = EFAD063D1FA2601E00E36241 /* CategoryExploreCollectionViewCell.swift */; };
		EFAD06421FA342FC00E36241 /* ExploreOpenTableViewController.swift in Sources */ = {isa = PBXBuildFile; fileRef = EFAD06411FA342FC00E36241 /* ExploreOpenTableViewController.swift */; };
		EFAD06441FA34C5000E36241 /* ExploreOpenTableViewCell.swift in Sources */ = {isa = PBXBuildFile; fileRef = EFAD06431FA34C5000E36241 /* ExploreOpenTableViewCell.swift */; };
		EFAD06471FA3819800E36241 /* SourceList.swift in Sources */ = {isa = PBXBuildFile; fileRef = EFAD06461FA3819800E36241 /* SourceList.swift */; };
		EFAD06491FA77BE400E36241 /* SourceImages.swift in Sources */ = {isa = PBXBuildFile; fileRef = EFAD06481FA77BE400E36241 /* SourceImages.swift */; };
		EFD90CC01FB29D18007ED3F5 /* SubscriptionSourceOpenTableViewCell.swift in Sources */ = {isa = PBXBuildFile; fileRef = EFD90CBF1FB29D18007ED3F5 /* SubscriptionSourceOpenTableViewCell.swift */; };
/* End PBXBuildFile section */

/* Begin PBXFileReference section */
		0FBF7EAFAAB6CC33F51DC058 /* Pods_Newspaper.framework */ = {isa = PBXFileReference; explicitFileType = wrapper.framework; includeInIndex = 0; path = Pods_Newspaper.framework; sourceTree = BUILT_PRODUCTS_DIR; };
		5C56B5B7B975620DFBB369B7 /* Pods-Newspaper.release.xcconfig */ = {isa = PBXFileReference; includeInIndex = 1; lastKnownFileType = text.xcconfig; name = "Pods-Newspaper.release.xcconfig"; path = "Pods/Target Support Files/Pods-Newspaper/Pods-Newspaper.release.xcconfig"; sourceTree = "<group>"; };
		B852147EC626797A51C02FB9 /* Pods-Newspaper.debug.xcconfig */ = {isa = PBXFileReference; includeInIndex = 1; lastKnownFileType = text.xcconfig; name = "Pods-Newspaper.debug.xcconfig"; path = "Pods/Target Support Files/Pods-Newspaper/Pods-Newspaper.debug.xcconfig"; sourceTree = "<group>"; };
		EF1831511F9FB36400BE0140 /* Login.storyboard */ = {isa = PBXFileReference; lastKnownFileType = file.storyboard; path = Login.storyboard; sourceTree = "<group>"; };
		EF1831561FA008D000BE0140 /* StartViewController.swift */ = {isa = PBXFileReference; lastKnownFileType = sourcecode.swift; path = StartViewController.swift; sourceTree = "<group>"; };
		EF1831581FA00BFB00BE0140 /* MoreLoginOptionViewController.swift */ = {isa = PBXFileReference; lastKnownFileType = sourcecode.swift; path = MoreLoginOptionViewController.swift; sourceTree = "<group>"; };
		EF18315B1FA00CE200BE0140 /* delete.png */ = {isa = PBXFileReference; lastKnownFileType = image.png; path = delete.png; sourceTree = "<group>"; };
		EF18315C1FA011C000BE0140 /* LogInViewController.swift */ = {isa = PBXFileReference; lastKnownFileType = sourcecode.swift; path = LogInViewController.swift; sourceTree = "<group>"; };
		EF18315E1FA011EB00BE0140 /* CreateAccountViewController.swift */ = {isa = PBXFileReference; lastKnownFileType = sourcecode.swift; path = CreateAccountViewController.swift; sourceTree = "<group>"; };
		EF1831601FA0D1EF00BE0140 /* AuthService.swift */ = {isa = PBXFileReference; lastKnownFileType = sourcecode.swift; path = AuthService.swift; sourceTree = "<group>"; };
		EF1831691FA2369400BE0140 /* image-placeholder.png */ = {isa = PBXFileReference; lastKnownFileType = image.png; path = "image-placeholder.png"; sourceTree = "<group>"; };
		EF184D471FA7D2C1000459A4 /* business-insider-uk.png */ = {isa = PBXFileReference; lastKnownFileType = image.png; path = "business-insider-uk.png"; sourceTree = "<group>"; };
		EF184D481FA7D2C1000459A4 /* bloomberg.png */ = {isa = PBXFileReference; lastKnownFileType = image.png; path = bloomberg.png; sourceTree = "<group>"; };
		EF184D491FA7D2C1000459A4 /* bbc-news.png */ = {isa = PBXFileReference; lastKnownFileType = image.png; path = "bbc-news.png"; sourceTree = "<group>"; };
		EF184D4A1FA7D2C1000459A4 /* football-italia.png */ = {isa = PBXFileReference; lastKnownFileType = image.png; path = "football-italia.png"; sourceTree = "<group>"; };
		EF184D4B1FA7D2C1000459A4 /* newsweek.png */ = {isa = PBXFileReference; lastKnownFileType = image.png; path = newsweek.png; sourceTree = "<group>"; };
		EF184D4C1FA7D2C2000459A4 /* fortune.png */ = {isa = PBXFileReference; lastKnownFileType = image.png; path = fortune.png; sourceTree = "<group>"; };
		EF184D4D1FA7D2C2000459A4 /* nfl-news.png */ = {isa = PBXFileReference; lastKnownFileType = image.png; path = "nfl-news.png"; sourceTree = "<group>"; };
		EF184D4E1FA7D2C2000459A4 /* spiegel-online.png */ = {isa = PBXFileReference; lastKnownFileType = image.png; path = "spiegel-online.png"; sourceTree = "<group>"; };
		EF184D4F1FA7D2C2000459A4 /* national-geographic.png */ = {isa = PBXFileReference; lastKnownFileType = image.png; path = "national-geographic.png"; sourceTree = "<group>"; };
		EF184D501FA7D2C2000459A4 /* techradar.png */ = {isa = PBXFileReference; lastKnownFileType = image.png; path = techradar.png; sourceTree = "<group>"; };
		EF184D511FA7D2C2000459A4 /* the-huffington-post.png */ = {isa = PBXFileReference; lastKnownFileType = image.png; path = "the-huffington-post.png"; sourceTree = "<group>"; };
		EF184D521FA7D2C2000459A4 /* independent.png */ = {isa = PBXFileReference; lastKnownFileType = image.png; path = independent.png; sourceTree = "<group>"; };
		EF184D531FA7D2C2000459A4 /* wired-de.png */ = {isa = PBXFileReference; lastKnownFileType = image.png; path = "wired-de.png"; sourceTree = "<group>"; };
		EF184D541FA7D2C2000459A4 /* the-washington-post.png */ = {isa = PBXFileReference; lastKnownFileType = image.png; path = "the-washington-post.png"; sourceTree = "<group>"; };
		EF184D551FA7D2C2000459A4 /* al-jazeera-english.png */ = {isa = PBXFileReference; lastKnownFileType = image.png; path = "al-jazeera-english.png"; sourceTree = "<group>"; };
		EF184D561FA7D2C2000459A4 /* new-york-magazine.png */ = {isa = PBXFileReference; lastKnownFileType = image.png; path = "new-york-magazine.png"; sourceTree = "<group>"; };
		EF184D571FA7D2C3000459A4 /* reuters.png */ = {isa = PBXFileReference; lastKnownFileType = image.png; path = reuters.png; sourceTree = "<group>"; };
		EF184D581FA7D2C3000459A4 /* the-sport-bible.png */ = {isa = PBXFileReference; lastKnownFileType = image.png; path = "the-sport-bible.png"; sourceTree = "<group>"; };
		EF184D591FA7D2C3000459A4 /* the-lad-bible.png */ = {isa = PBXFileReference; lastKnownFileType = image.png; path = "the-lad-bible.png"; sourceTree = "<group>"; };
		EF184D5A1FA7D2C3000459A4 /* the-new-york-times.png */ = {isa = PBXFileReference; lastKnownFileType = image.png; path = "the-new-york-times.png"; sourceTree = "<group>"; };
		EF184D5B1FA7D2C3000459A4 /* metro.png */ = {isa = PBXFileReference; lastKnownFileType = image.png; path = metro.png; sourceTree = "<group>"; };
		EF184D5C1FA7D2C3000459A4 /* fox-sports.png */ = {isa = PBXFileReference; lastKnownFileType = image.png; path = "fox-sports.png"; sourceTree = "<group>"; };
		EF184D5D1FA7D2C3000459A4 /* breitbart-news.png */ = {isa = PBXFileReference; lastKnownFileType = image.png; path = "breitbart-news.png"; sourceTree = "<group>"; };
		EF184D5E1FA7D2C3000459A4 /* bbc-sport.png */ = {isa = PBXFileReference; lastKnownFileType = image.png; path = "bbc-sport.png"; sourceTree = "<group>"; };
		EF184D5F1FA7D2C3000459A4 /* bild.png */ = {isa = PBXFileReference; lastKnownFileType = image.png; path = bild.png; sourceTree = "<group>"; };
		EF184D601FA7D2C3000459A4 /* ign.png */ = {isa = PBXFileReference; lastKnownFileType = image.png; path = ign.png; sourceTree = "<group>"; };
		EF184D611FA7D2C3000459A4 /* engadget.png */ = {isa = PBXFileReference; lastKnownFileType = image.png; path = engadget.png; sourceTree = "<group>"; };
		EF184D621FA7D2C4000459A4 /* mtv-news-uk.png */ = {isa = PBXFileReference; lastKnownFileType = image.png; path = "mtv-news-uk.png"; sourceTree = "<group>"; };
		EF184D631FA7D2C4000459A4 /* reddit-r-all.png */ = {isa = PBXFileReference; lastKnownFileType = image.png; path = "reddit-r-all.png"; sourceTree = "<group>"; };
		EF184D641FA7D2C4000459A4 /* financial-times.png */ = {isa = PBXFileReference; lastKnownFileType = image.png; path = "financial-times.png"; sourceTree = "<group>"; };
		EF184D651FA7D2C4000459A4 /* wirtschafts-woche.png */ = {isa = PBXFileReference; lastKnownFileType = image.png; path = "wirtschafts-woche.png"; sourceTree = "<group>"; };
		EF184D661FA7D2C4000459A4 /* the-times-of-india.png */ = {isa = PBXFileReference; lastKnownFileType = image.png; path = "the-times-of-india.png"; sourceTree = "<group>"; };
		EF184D671FA7D2C4000459A4 /* focus.png */ = {isa = PBXFileReference; lastKnownFileType = image.png; path = focus.png; sourceTree = "<group>"; };
		EF184D681FA7D2C5000459A4 /* espn-cric-info.png */ = {isa = PBXFileReference; lastKnownFileType = image.png; path = "espn-cric-info.png"; sourceTree = "<group>"; };
		EF184D691FA7D2C5000459A4 /* entertainment-weekly.png */ = {isa = PBXFileReference; lastKnownFileType = image.png; path = "entertainment-weekly.png"; sourceTree = "<group>"; };
		EF184D6A1FA7D2C5000459A4 /* the-guardian-au.png */ = {isa = PBXFileReference; lastKnownFileType = image.png; path = "the-guardian-au.png"; sourceTree = "<group>"; };
		EF184D6B1FA7D2C5000459A4 /* the-next-web.png */ = {isa = PBXFileReference; lastKnownFileType = image.png; path = "the-next-web.png"; sourceTree = "<group>"; };
		EF184D6C1FA7D2C5000459A4 /* four-four-two.png */ = {isa = PBXFileReference; lastKnownFileType = image.png; path = "four-four-two.png"; sourceTree = "<group>"; };
		EF184D6D1FA7D2C5000459A4 /* mashable.png */ = {isa = PBXFileReference; lastKnownFileType = image.png; path = mashable.png; sourceTree = "<group>"; };
		EF184D6E1FA7D2C5000459A4 /* techcrunch.png */ = {isa = PBXFileReference; lastKnownFileType = image.png; path = techcrunch.png; sourceTree = "<group>"; };
		EF184D6F1FA7D2C6000459A4 /* polygon.png */ = {isa = PBXFileReference; lastKnownFileType = image.png; path = polygon.png; sourceTree = "<group>"; };
		EF184D701FA7D2C6000459A4 /* google-news.png */ = {isa = PBXFileReference; lastKnownFileType = image.png; path = "google-news.png"; sourceTree = "<group>"; };
		EF184D711FA7D2C6000459A4 /* the-verge.png */ = {isa = PBXFileReference; lastKnownFileType = image.png; path = "the-verge.png"; sourceTree = "<group>"; };
		EF184D721FA7D2C6000459A4 /* t3n.png */ = {isa = PBXFileReference; lastKnownFileType = image.png; path = t3n.png; sourceTree = "<group>"; };
		EF184D731FA7D2C6000459A4 /* cnbc.png */ = {isa = PBXFileReference; lastKnownFileType = image.png; path = cnbc.png; sourceTree = "<group>"; };
		EF184D741FA7D2C6000459A4 /* associated-press.png */ = {isa = PBXFileReference; lastKnownFileType = image.png; path = "associated-press.png"; sourceTree = "<group>"; };
		EF184D751FA7D2C6000459A4 /* new-scientist.png */ = {isa = PBXFileReference; lastKnownFileType = image.png; path = "new-scientist.png"; sourceTree = "<group>"; };
		EF184D761FA7D2C7000459A4 /* hacker-news.png */ = {isa = PBXFileReference; lastKnownFileType = image.png; path = "hacker-news.png"; sourceTree = "<group>"; };
		EF184D771FA7D2C7000459A4 /* the-guardian-uk.png */ = {isa = PBXFileReference; lastKnownFileType = image.png; path = "the-guardian-uk.png"; sourceTree = "<group>"; };
		EF184D781FA7D2C7000459A4 /* gruenderszene.png */ = {isa = PBXFileReference; lastKnownFileType = image.png; path = gruenderszene.png; sourceTree = "<group>"; };
		EF184D791FA7D2C7000459A4 /* mtv-news.png */ = {isa = PBXFileReference; lastKnownFileType = image.png; path = "mtv-news.png"; sourceTree = "<group>"; };
		EF184D7A1FA7D2C7000459A4 /* buzzfeed.png */ = {isa = PBXFileReference; lastKnownFileType = image.png; path = buzzfeed.png; sourceTree = "<group>"; };
		EF184D7B1FA7D2C7000459A4 /* talksport.png */ = {isa = PBXFileReference; lastKnownFileType = image.png; path = talksport.png; sourceTree = "<group>"; };
		EF184D7C1FA7D2C8000459A4 /* the-economist.png */ = {isa = PBXFileReference; lastKnownFileType = image.png; path = "the-economist.png"; sourceTree = "<group>"; };
		EF184D7D1FA7D2C8000459A4 /* business-insider.png */ = {isa = PBXFileReference; lastKnownFileType = image.png; path = "business-insider.png"; sourceTree = "<group>"; };
		EF184D7E1FA7D2C8000459A4 /* espn.png */ = {isa = PBXFileReference; lastKnownFileType = image.png; path = espn.png; sourceTree = "<group>"; };
		EF184D7F1FA7D2C8000459A4 /* handelsblatt.png */ = {isa = PBXFileReference; lastKnownFileType = image.png; path = handelsblatt.png; sourceTree = "<group>"; };
		EF184D801FA7D2C8000459A4 /* the-hindu.png */ = {isa = PBXFileReference; lastKnownFileType = image.png; path = "the-hindu.png"; sourceTree = "<group>"; };
		EF184D811FA7D2C8000459A4 /* the-wall-street-journal.png */ = {isa = PBXFileReference; lastKnownFileType = image.png; path = "the-wall-street-journal.png"; sourceTree = "<group>"; };
		EF184D821FA7D2C9000459A4 /* mirror.png */ = {isa = PBXFileReference; lastKnownFileType = image.png; path = mirror.png; sourceTree = "<group>"; };
		EF184D831FA7D2C9000459A4 /* recode.png */ = {isa = PBXFileReference; lastKnownFileType = image.png; path = recode.png; sourceTree = "<group>"; };
		EF184D841FA7D2C9000459A4 /* time.png */ = {isa = PBXFileReference; lastKnownFileType = image.png; path = time.png; sourceTree = "<group>"; };
		EF184D851FA7D2C9000459A4 /* ars-technica.png */ = {isa = PBXFileReference; lastKnownFileType = image.png; path = "ars-technica.png"; sourceTree = "<group>"; };
		EF184D861FA7D2C9000459A4 /* der-tagesspiegel.png */ = {isa = PBXFileReference; lastKnownFileType = image.png; path = "der-tagesspiegel.png"; sourceTree = "<group>"; };
		EF184D871FA7D2C9000459A4 /* die-zeit.png */ = {isa = PBXFileReference; lastKnownFileType = image.png; path = "die-zeit.png"; sourceTree = "<group>"; };
		EF184D881FA7D2CA000459A4 /* the-telegraph.png */ = {isa = PBXFileReference; lastKnownFileType = image.png; path = "the-telegraph.png"; sourceTree = "<group>"; };
		EF184D891FA7D2CA000459A4 /* usa-today.png */ = {isa = PBXFileReference; lastKnownFileType = image.png; path = "usa-today.png"; sourceTree = "<group>"; };
		EF184D8B1FA813E8000459A4 /* SourceOpenTableViewController.swift */ = {isa = PBXFileReference; lastKnownFileType = sourcecode.swift; path = SourceOpenTableViewController.swift; sourceTree = "<group>"; };
		EF184D8D1FA815F7000459A4 /* SourceOpenTableViewCell.swift */ = {isa = PBXFileReference; lastKnownFileType = sourcecode.swift; path = SourceOpenTableViewCell.swift; sourceTree = "<group>"; };
		EF184D8F1FA8C6F9000459A4 /* Segue.swift */ = {isa = PBXFileReference; lastKnownFileType = sourcecode.swift; path = Segue.swift; sourceTree = "<group>"; };
		EF184D931FAABD43000459A4 /* ArticleOpenViewController.swift */ = {isa = PBXFileReference; lastKnownFileType = sourcecode.swift; path = ArticleOpenViewController.swift; sourceTree = "<group>"; };
		EF184D961FAB96EA000459A4 /* SubscriptionTableViewController.swift */ = {isa = PBXFileReference; lastKnownFileType = sourcecode.swift; path = SubscriptionTableViewController.swift; sourceTree = "<group>"; };
		EF184D991FAB9A43000459A4 /* subscription@2x.png */ = {isa = PBXFileReference; lastKnownFileType = image.png; path = "subscription@2x.png"; sourceTree = "<group>"; };
		EF184D9A1FAB9A44000459A4 /* subscriptions@2x.png */ = {isa = PBXFileReference; lastKnownFileType = image.png; path = "subscriptions@2x.png"; sourceTree = "<group>"; };
		EF184D9B1FAB9A44000459A4 /* saved_pages@2x.png */ = {isa = PBXFileReference; lastKnownFileType = image.png; path = "saved_pages@2x.png"; sourceTree = "<group>"; };
		EF184D9C1FAB9A44000459A4 /* tags@2x.png */ = {isa = PBXFileReference; lastKnownFileType = image.png; path = "tags@2x.png"; sourceTree = "<group>"; };
		EF184D9D1FAB9A44000459A4 /* SavedPages@2x.png */ = {isa = PBXFileReference; lastKnownFileType = image.png; path = "SavedPages@2x.png"; sourceTree = "<group>"; };
		EF184D9E1FAB9AB6000459A4 /* Stars@2x.png */ = {isa = PBXFileReference; lastKnownFileType = image.png; path = "Stars@2x.png"; sourceTree = "<group>"; };
		EF184DA01FAB9BBA000459A4 /* StarsTableViewController.swift */ = {isa = PBXFileReference; lastKnownFileType = sourcecode.swift; path = StarsTableViewController.swift; sourceTree = "<group>"; };
		EF184DA31FAB9C7E000459A4 /* SavedPagesTableViewController.swift */ = {isa = PBXFileReference; lastKnownFileType = sourcecode.swift; path = SavedPagesTableViewController.swift; sourceTree = "<group>"; };
		EF184DA61FAB9CF2000459A4 /* TagsTableViewController.swift */ = {isa = PBXFileReference; lastKnownFileType = sourcecode.swift; path = TagsTableViewController.swift; sourceTree = "<group>"; };
		EF184DA91FABC069000459A4 /* Tab_Icons */ = {isa = PBXFileReference; lastKnownFileType = folder; path = Tab_Icons; sourceTree = "<group>"; };
		EF184DB21FABCE99000459A4 /* SubscriptionSearchTableViewCell.swift */ = {isa = PBXFileReference; lastKnownFileType = sourcecode.swift; path = SubscriptionSearchTableViewCell.swift; sourceTree = "<group>"; };
		EF184DB41FABD1C8000459A4 /* AllArticlesTableViewCell.swift */ = {isa = PBXFileReference; lastKnownFileType = sourcecode.swift; path = AllArticlesTableViewCell.swift; sourceTree = "<group>"; };
		EF184DB61FABD571000459A4 /* SubsriptionSourcesTableViewCell.swift */ = {isa = PBXFileReference; lastKnownFileType = sourcecode.swift; path = SubsriptionSourcesTableViewCell.swift; sourceTree = "<group>"; };
		EF184DBA1FABE5D7000459A4 /* StarsTableViewCell.swift */ = {isa = PBXFileReference; lastKnownFileType = sourcecode.swift; path = StarsTableViewCell.swift; sourceTree = "<group>"; };
		EF184DBC1FABE62E000459A4 /* StarsSearchTableViewCell.swift */ = {isa = PBXFileReference; lastKnownFileType = sourcecode.swift; path = StarsSearchTableViewCell.swift; sourceTree = "<group>"; };
		EF1E12701FAD94B7000EF3AF /* StartTabBarController.swift */ = {isa = PBXFileReference; lastKnownFileType = sourcecode.swift; path = StartTabBarController.swift; sourceTree = "<group>"; };
		EF1E12721FAF23D3000EF3AF /* SubcriptionSourceOpenTableViewController.swift */ = {isa = PBXFileReference; lastKnownFileType = sourcecode.swift; path = SubcriptionSourceOpenTableViewController.swift; sourceTree = "<group>"; };
		EF1E12741FAF25E3000EF3AF /* Back@3x.png */ = {isa = PBXFileReference; lastKnownFileType = image.png; path = "Back@3x.png"; sourceTree = "<group>"; };
		EF2921E11FACF4E4005EC01A /* hamMenu@3x.png */ = {isa = PBXFileReference; lastKnownFileType = image.png; path = "hamMenu@3x.png"; sourceTree = "<group>"; };
		EF2921E31FAD03CA005EC01A /* Extensions.swift */ = {isa = PBXFileReference; lastKnownFileType = sourcecode.swift; path = Extensions.swift; sourceTree = "<group>"; };
		EF2921E51FAD5DA1005EC01A /* ic_visibility.png */ = {isa = PBXFileReference; lastKnownFileType = image.png; path = ic_visibility.png; sourceTree = "<group>"; };
		EF2921E61FAD5DA1005EC01A /* ic_visibility@3x.png */ = {isa = PBXFileReference; lastKnownFileType = image.png; path = "ic_visibility@3x.png"; sourceTree = "<group>"; };
		EF2921E71FAD5DA1005EC01A /* ic_visibility@2x.png */ = {isa = PBXFileReference; lastKnownFileType = image.png; path = "ic_visibility@2x.png"; sourceTree = "<group>"; };
		EF2921E81FAD6296005EC01A /* StoryboardID.swift */ = {isa = PBXFileReference; lastKnownFileType = sourcecode.swift; path = StoryboardID.swift; sourceTree = "<group>"; };
		EF53C92D1F758405009A1DB8 /* Newspaper.app */ = {isa = PBXFileReference; explicitFileType = wrapper.application; includeInIndex = 0; path = Newspaper.app; sourceTree = BUILT_PRODUCTS_DIR; };
		EF53C9301F758405009A1DB8 /* AppDelegate.swift */ = {isa = PBXFileReference; lastKnownFileType = sourcecode.swift; path = AppDelegate.swift; sourceTree = "<group>"; };
		EF53C9321F758405009A1DB8 /* ViewController.swift */ = {isa = PBXFileReference; lastKnownFileType = sourcecode.swift; path = ViewController.swift; sourceTree = "<group>"; };
		EF53C93A1F758405009A1DB8 /* Base */ = {isa = PBXFileReference; lastKnownFileType = file.storyboard; name = Base; path = Base.lproj/LaunchScreen.storyboard; sourceTree = "<group>"; };
		EF53C93C1F758405009A1DB8 /* Info.plist */ = {isa = PBXFileReference; lastKnownFileType = text.plist.xml; path = Info.plist; sourceTree = "<group>"; };
		EF53C9451F759569009A1DB8 /* NetworkProcessor.swift */ = {isa = PBXFileReference; lastKnownFileType = sourcecode.swift; path = NetworkProcessor.swift; sourceTree = "<group>"; };
		EF53C9481F759CF9009A1DB8 /* Article.swift */ = {isa = PBXFileReference; lastKnownFileType = sourcecode.swift; path = Article.swift; sourceTree = "<group>"; };
		EF53C94A1F759D09009A1DB8 /* Articles.swift */ = {isa = PBXFileReference; lastKnownFileType = sourcecode.swift; path = Articles.swift; sourceTree = "<group>"; };
		EF53C94C1F759D44009A1DB8 /* Source.swift */ = {isa = PBXFileReference; lastKnownFileType = sourcecode.swift; path = Source.swift; sourceTree = "<group>"; };
		EF53C94E1F759D54009A1DB8 /* Sources.swift */ = {isa = PBXFileReference; lastKnownFileType = sourcecode.swift; path = Sources.swift; sourceTree = "<group>"; };
		EF53C9521F75C983009A1DB8 /* NewsAPIServices.swift */ = {isa = PBXFileReference; lastKnownFileType = sourcecode.swift; path = NewsAPIServices.swift; sourceTree = "<group>"; };
		EF53C95A1F75F70C009A1DB8 /* GoogleService-Info.plist */ = {isa = PBXFileReference; fileEncoding = 4; lastKnownFileType = text.plist.xml; path = "GoogleService-Info.plist"; sourceTree = "<group>"; };
		EF53C95C1F75F83C009A1DB8 /* FirArticle.swift */ = {isa = PBXFileReference; lastKnownFileType = sourcecode.swift; path = FirArticle.swift; sourceTree = "<group>"; };
		EF5F8E9A1FAC1A740019EAA4 /* SavedSearchTableViewCell.swift */ = {isa = PBXFileReference; lastKnownFileType = sourcecode.swift; path = SavedSearchTableViewCell.swift; sourceTree = "<group>"; };
		EF5F8E9C1FAC1BB60019EAA4 /* SavedSourceTableViewCell.swift */ = {isa = PBXFileReference; lastKnownFileType = sourcecode.swift; path = SavedSourceTableViewCell.swift; sourceTree = "<group>"; };
		EF5F8E9E1FAC251F0019EAA4 /* TagSearchTableViewCell.swift */ = {isa = PBXFileReference; lastKnownFileType = sourcecode.swift; path = TagSearchTableViewCell.swift; sourceTree = "<group>"; };
		EF5F8EA01FAC26640019EAA4 /* AllTagsTableViewCell.swift */ = {isa = PBXFileReference; lastKnownFileType = sourcecode.swift; path = AllTagsTableViewCell.swift; sourceTree = "<group>"; };
		EF5F8EA21FAC2A0D0019EAA4 /* TagTableViewCell.swift */ = {isa = PBXFileReference; lastKnownFileType = sourcecode.swift; path = TagTableViewCell.swift; sourceTree = "<group>"; };
		EF5F8EA41FACD5520019EAA4 /* TabBar.storyboard */ = {isa = PBXFileReference; fileEncoding = 4; lastKnownFileType = file.storyboard; path = TabBar.storyboard; sourceTree = "<group>"; };
		EF5F8EA81FACD9990019EAA4 /* Subscriptions.storyboard */ = {isa = PBXFileReference; fileEncoding = 4; lastKnownFileType = file.storyboard; path = Subscriptions.storyboard; sourceTree = "<group>"; };
		EF5F8EAA1FACDB930019EAA4 /* Stars.storyboard */ = {isa = PBXFileReference; fileEncoding = 4; lastKnownFileType = file.storyboard; path = Stars.storyboard; sourceTree = "<group>"; };
		EF5F8EAC1FACDC410019EAA4 /* SavedPages.storyboard */ = {isa = PBXFileReference; fileEncoding = 4; lastKnownFileType = file.storyboard; path = SavedPages.storyboard; sourceTree = "<group>"; };
		EF5F8EAE1FACDC880019EAA4 /* Tags.storyboard */ = {isa = PBXFileReference; fileEncoding = 4; lastKnownFileType = file.storyboard; path = Tags.storyboard; sourceTree = "<group>"; };
		EF5F8EB91FACEA060019EAA4 /* Assets.xcassets */ = {isa = PBXFileReference; lastKnownFileType = folder.assetcatalog; path = Assets.xcassets; sourceTree = "<group>"; };
		EF5F8EBD1FACF10F0019EAA4 /* menu.png */ = {isa = PBXFileReference; lastKnownFileType = image.png; path = menu.png; sourceTree = "<group>"; };
		EF5F8EBE1FACF1BB0019EAA4 /* icons8-menu-3.png */ = {isa = PBXFileReference; lastKnownFileType = image.png; path = "icons8-menu-3.png"; sourceTree = "<group>"; };
		EF5F8EBF1FACF2E40019EAA4 /* hamburgermenu@3x.png */ = {isa = PBXFileReference; lastKnownFileType = image.png; path = "hamburgermenu@3x.png"; sourceTree = "<group>"; };
		EF94F8321FC60CE6006A8BCD /* FirApi.swift */ = {isa = PBXFileReference; lastKnownFileType = sourcecode.swift; path = FirApi.swift; sourceTree = "<group>"; };
		EF94F8341FC60E8B006A8BCD /* SubscriptionApi.swift */ = {isa = PBXFileReference; lastKnownFileType = sourcecode.swift; path = SubscriptionApi.swift; sourceTree = "<group>"; };
		EF94F8361FC60EEB006A8BCD /* StarsApi.swift */ = {isa = PBXFileReference; lastKnownFileType = sourcecode.swift; path = StarsApi.swift; sourceTree = "<group>"; };
		EF94F8381FC60F1D006A8BCD /* SavedPagesApi.swift */ = {isa = PBXFileReference; lastKnownFileType = sourcecode.swift; path = SavedPagesApi.swift; sourceTree = "<group>"; };
		EF94F83A1FC60F48006A8BCD /* TagsApi.swift */ = {isa = PBXFileReference; lastKnownFileType = sourcecode.swift; path = TagsApi.swift; sourceTree = "<group>"; };
		EF94F83C1FC6152C006A8BCD /* UserApi.swift */ = {isa = PBXFileReference; lastKnownFileType = sourcecode.swift; path = UserApi.swift; sourceTree = "<group>"; };
		EF94F83E1FC6207F006A8BCD /* ArticleConverter.swift */ = {isa = PBXFileReference; lastKnownFileType = sourcecode.swift; path = ArticleConverter.swift; sourceTree = "<group>"; };
		EFAD06341FA25DD400E36241 /* Cell.swift */ = {isa = PBXFileReference; lastKnownFileType = sourcecode.swift; path = Cell.swift; sourceTree = "<group>"; };
		EFAD06371FA25F1400E36241 /* CategoryExploreTableViewController.swift */ = {isa = PBXFileReference; lastKnownFileType = sourcecode.swift; path = CategoryExploreTableViewController.swift; sourceTree = "<group>"; };
		EFAD06391FA25FBA00E36241 /* SearchTableViewCell.swift */ = {isa = PBXFileReference; lastKnownFileType = sourcecode.swift; path = SearchTableViewCell.swift; sourceTree = "<group>"; };
		EFAD063B1FA25FE500E36241 /* CategoryExploreTableViewCell.swift */ = {isa = PBXFileReference; lastKnownFileType = sourcecode.swift; path = CategoryExploreTableViewCell.swift; sourceTree = "<group>"; };
		EFAD063D1FA2601E00E36241 /* CategoryExploreCollectionViewCell.swift */ = {isa = PBXFileReference; lastKnownFileType = sourcecode.swift; path = CategoryExploreCollectionViewCell.swift; sourceTree = "<group>"; };
		EFAD063F1FA2C8FA00E36241 /* category */ = {isa = PBXFileReference; lastKnownFileType = folder; path = category; sourceTree = "<group>"; };
		EFAD06411FA342FC00E36241 /* ExploreOpenTableViewController.swift */ = {isa = PBXFileReference; lastKnownFileType = sourcecode.swift; path = ExploreOpenTableViewController.swift; sourceTree = "<group>"; };
		EFAD06431FA34C5000E36241 /* ExploreOpenTableViewCell.swift */ = {isa = PBXFileReference; lastKnownFileType = sourcecode.swift; path = ExploreOpenTableViewCell.swift; sourceTree = "<group>"; };
		EFAD06461FA3819800E36241 /* SourceList.swift */ = {isa = PBXFileReference; lastKnownFileType = sourcecode.swift; path = SourceList.swift; sourceTree = "<group>"; };
		EFAD06481FA77BE400E36241 /* SourceImages.swift */ = {isa = PBXFileReference; lastKnownFileType = sourcecode.swift; path = SourceImages.swift; sourceTree = "<group>"; };
		EFAD064B1FA783DA00E36241 /* abc-news-au.png */ = {isa = PBXFileReference; lastKnownFileType = image.png; path = "abc-news-au.png"; sourceTree = "<group>"; };
		EFAD064C1FA7868C00E36241 /* cnn.png */ = {isa = PBXFileReference; lastKnownFileType = image.png; path = cnn.png; sourceTree = "<group>"; };
		EFD90CBF1FB29D18007ED3F5 /* SubscriptionSourceOpenTableViewCell.swift */ = {isa = PBXFileReference; lastKnownFileType = sourcecode.swift; path = SubscriptionSourceOpenTableViewCell.swift; sourceTree = "<group>"; };
/* End PBXFileReference section */

/* Begin PBXFrameworksBuildPhase section */
		EF53C92A1F758405009A1DB8 /* Frameworks */ = {
			isa = PBXFrameworksBuildPhase;
			buildActionMask = 2147483647;
			files = (
				669A624C8F6FD631D8A42283 /* Pods_Newspaper.framework in Frameworks */,
			);
			runOnlyForDeploymentPostprocessing = 0;
		};
/* End PBXFrameworksBuildPhase section */

/* Begin PBXGroup section */
		87EB5A8A1DE8ECC13BEC4FC3 /* Frameworks */ = {
			isa = PBXGroup;
			children = (
				0FBF7EAFAAB6CC33F51DC058 /* Pods_Newspaper.framework */,
			);
			name = Frameworks;
			sourceTree = "<group>";
		};
		AE7BF211EB15C57E25AF7BDE /* Pods */ = {
			isa = PBXGroup;
			children = (
				B852147EC626797A51C02FB9 /* Pods-Newspaper.debug.xcconfig */,
				5C56B5B7B975620DFBB369B7 /* Pods-Newspaper.release.xcconfig */,
			);
			name = Pods;
			sourceTree = "<group>";
		};
		EF1831501F9FB34800BE0140 /* StoryBoards */ = {
			isa = PBXGroup;
			children = (
				EF1831511F9FB36400BE0140 /* Login.storyboard */,
				EF5F8EA41FACD5520019EAA4 /* TabBar.storyboard */,
				EF5F8EAE1FACDC880019EAA4 /* Tags.storyboard */,
				EF5F8EAC1FACDC410019EAA4 /* SavedPages.storyboard */,
				EF5F8EAA1FACDB930019EAA4 /* Stars.storyboard */,
				EF5F8EA81FACD9990019EAA4 /* Subscriptions.storyboard */,
			);
			path = StoryBoards;
			sourceTree = "<group>";
		};
		EF1831541F9FB82C00BE0140 /* ViewController */ = {
			isa = PBXGroup;
			children = (
			);
			path = ViewController;
			sourceTree = "<group>";
		};
		EF1831551FA008B100BE0140 /* Start */ = {
			isa = PBXGroup;
			children = (
				EF1831561FA008D000BE0140 /* StartViewController.swift */,
				EF1831581FA00BFB00BE0140 /* MoreLoginOptionViewController.swift */,
				EF18315C1FA011C000BE0140 /* LogInViewController.swift */,
				EF18315E1FA011EB00BE0140 /* CreateAccountViewController.swift */,
			);
			path = Start;
			sourceTree = "<group>";
		};
		EF18315A1FA00CCA00BE0140 /* icons */ = {
			isa = PBXGroup;
			children = (
				EF184D9B1FAB9A44000459A4 /* saved_pages@2x.png */,
				EF184D9E1FAB9AB6000459A4 /* Stars@2x.png */,
				EF184D9A1FAB9A44000459A4 /* subscriptions@2x.png */,
				EF184D9C1FAB9A44000459A4 /* tags@2x.png */,
				EF184D9D1FAB9A44000459A4 /* SavedPages@2x.png */,
				EF184D991FAB9A43000459A4 /* subscription@2x.png */,
				EF1831691FA2369400BE0140 /* image-placeholder.png */,
				EF18315B1FA00CE200BE0140 /* delete.png */,
			);
			path = icons;
			sourceTree = "<group>";
		};
		EF184D8A1FA812DE000459A4 /* Source Open */ = {
			isa = PBXGroup;
			children = (
				EF184D8B1FA813E8000459A4 /* SourceOpenTableViewController.swift */,
				EF184D8D1FA815F7000459A4 /* SourceOpenTableViewCell.swift */,
			);
			path = "Source Open";
			sourceTree = "<group>";
		};
		EF184D921FAABD00000459A4 /* Article Open */ = {
			isa = PBXGroup;
			children = (
				EF184D931FAABD43000459A4 /* ArticleOpenViewController.swift */,
			);
			path = "Article Open";
			sourceTree = "<group>";
		};
		EF184D951FAB96A3000459A4 /* Subscriptions */ = {
			isa = PBXGroup;
			children = (
				EFD90CBE1FB29CD2007ED3F5 /* Source Open */,
				EF184D961FAB96EA000459A4 /* SubscriptionTableViewController.swift */,
				EF184DB21FABCE99000459A4 /* SubscriptionSearchTableViewCell.swift */,
				EF184DB41FABD1C8000459A4 /* AllArticlesTableViewCell.swift */,
				EF184DB61FABD571000459A4 /* SubsriptionSourcesTableViewCell.swift */,
			);
			path = Subscriptions;
			sourceTree = "<group>";
		};
		EF184D9F1FAB9BA1000459A4 /* Stars */ = {
			isa = PBXGroup;
			children = (
				EF184DA01FAB9BBA000459A4 /* StarsTableViewController.swift */,
				EF184DBA1FABE5D7000459A4 /* StarsTableViewCell.swift */,
				EF184DBC1FABE62E000459A4 /* StarsSearchTableViewCell.swift */,
			);
			path = Stars;
			sourceTree = "<group>";
		};
		EF184DA21FAB9C64000459A4 /* Saved Pages */ = {
			isa = PBXGroup;
			children = (
				EF184DA31FAB9C7E000459A4 /* SavedPagesTableViewController.swift */,
				EF5F8E9A1FAC1A740019EAA4 /* SavedSearchTableViewCell.swift */,
				EF5F8E9C1FAC1BB60019EAA4 /* SavedSourceTableViewCell.swift */,
			);
			path = "Saved Pages";
			sourceTree = "<group>";
		};
		EF184DA51FAB9CDF000459A4 /* Tags */ = {
			isa = PBXGroup;
			children = (
				EF184DA61FAB9CF2000459A4 /* TagsTableViewController.swift */,
				EF5F8E9E1FAC251F0019EAA4 /* TagSearchTableViewCell.swift */,
				EF5F8EA01FAC26640019EAA4 /* AllTagsTableViewCell.swift */,
				EF5F8EA21FAC2A0D0019EAA4 /* TagTableViewCell.swift */,
			);
			path = Tags;
			sourceTree = "<group>";
		};
		EF1E126F1FAD9470000EF3AF /* TabBar */ = {
			isa = PBXGroup;
			children = (
				EF1E12701FAD94B7000EF3AF /* StartTabBarController.swift */,
			);
			path = TabBar;
			sourceTree = "<group>";
		};
		EF2921E21FAD03B2005EC01A /* Extensions */ = {
			isa = PBXGroup;
			children = (
				EF2921E31FAD03CA005EC01A /* Extensions.swift */,
			);
			path = Extensions;
			sourceTree = "<group>";
		};
		EF53C9241F758405009A1DB8 = {
			isa = PBXGroup;
			children = (
				EF53C92F1F758405009A1DB8 /* Newspaper */,
				EF53C92E1F758405009A1DB8 /* Products */,
				AE7BF211EB15C57E25AF7BDE /* Pods */,
				87EB5A8A1DE8ECC13BEC4FC3 /* Frameworks */,
			);
			sourceTree = "<group>";
		};
		EF53C92E1F758405009A1DB8 /* Products */ = {
			isa = PBXGroup;
			children = (
				EF53C92D1F758405009A1DB8 /* Newspaper.app */,
			);
			name = Products;
			sourceTree = "<group>";
		};
		EF53C92F1F758405009A1DB8 /* Newspaper */ = {
			isa = PBXGroup;
			children = (
				EF1831501F9FB34800BE0140 /* StoryBoards */,
				EF184DA51FAB9CDF000459A4 /* Tags */,
				EF184DA21FAB9C64000459A4 /* Saved Pages */,
				EF184D9F1FAB9BA1000459A4 /* Stars */,
				EF1E126F1FAD9470000EF3AF /* TabBar */,
				EF184D951FAB96A3000459A4 /* Subscriptions */,
				EF184D921FAABD00000459A4 /* Article Open */,
				EF184D8A1FA812DE000459A4 /* Source Open */,
				EFAD06401FA342C600E36241 /* Explore Open */,
				EFAD06361FA25E8600E36241 /* Category Explore */,
				EF2921E21FAD03B2005EC01A /* Extensions */,
				EFAD06331FA25D8100E36241 /* Enums */,
				EF1831551FA008B100BE0140 /* Start */,
				EF1831541F9FB82C00BE0140 /* ViewController */,
				EF53C9471F759CE4009A1DB8 /* Models */,
				EF53C9441F758EED009A1DB8 /* Network */,
				EF53C9301F758405009A1DB8 /* AppDelegate.swift */,
				EF53C9321F758405009A1DB8 /* ViewController.swift */,
				EF2921E51FAD5DA1005EC01A /* ic_visibility.png */,
				EF2921E71FAD5DA1005EC01A /* ic_visibility@2x.png */,
				EF2921E61FAD5DA1005EC01A /* ic_visibility@3x.png */,
				EF1E12741FAF25E3000EF3AF /* Back@3x.png */,
				EF5F8EB91FACEA060019EAA4 /* Assets.xcassets */,
				EF2921E11FACF4E4005EC01A /* hamMenu@3x.png */,
				EF5F8EBF1FACF2E40019EAA4 /* hamburgermenu@3x.png */,
				EF5F8EBE1FACF1BB0019EAA4 /* icons8-menu-3.png */,
				EF5F8EBD1FACF10F0019EAA4 /* menu.png */,
				EF184DA91FABC069000459A4 /* Tab_Icons */,
				EFAD063F1FA2C8FA00E36241 /* category */,
				EFAD064A1FA783BB00E36241 /* Source Images */,
				EF18315A1FA00CCA00BE0140 /* icons */,
				EF53C9391F758405009A1DB8 /* LaunchScreen.storyboard */,
				EF53C93C1F758405009A1DB8 /* Info.plist */,
				EF53C95A1F75F70C009A1DB8 /* GoogleService-Info.plist */,
			);
			path = Newspaper;
			sourceTree = "<group>";
		};
		EF53C9441F758EED009A1DB8 /* Network */ = {
			isa = PBXGroup;
			children = (
				EF53C9451F759569009A1DB8 /* NetworkProcessor.swift */,
				EF53C9521F75C983009A1DB8 /* NewsAPIServices.swift */,
			);
			path = Network;
			sourceTree = "<group>";
		};
		EF53C9471F759CE4009A1DB8 /* Models */ = {
			isa = PBXGroup;
			children = (
				EFAD06451FA3818200E36241 /* Objects */,
				EF53C9571F75EABD009A1DB8 /* API */,
				EF53C9561F75EA9F009A1DB8 /* Firebase */,
			);
			path = Models;
			sourceTree = "<group>";
		};
		EF53C9561F75EA9F009A1DB8 /* Firebase */ = {
			isa = PBXGroup;
			children = (
				EF94F8311FC60CA2006A8BCD /* Database */,
				EF53C95C1F75F83C009A1DB8 /* FirArticle.swift */,
				EF1831601FA0D1EF00BE0140 /* AuthService.swift */,
			);
			path = Firebase;
			sourceTree = "<group>";
		};
		EF53C9571F75EABD009A1DB8 /* API */ = {
			isa = PBXGroup;
			children = (
				EF53C9481F759CF9009A1DB8 /* Article.swift */,
				EF53C94A1F759D09009A1DB8 /* Articles.swift */,
				EF53C94C1F759D44009A1DB8 /* Source.swift */,
				EF53C94E1F759D54009A1DB8 /* Sources.swift */,
			);
			path = API;
			sourceTree = "<group>";
		};
		EF94F8311FC60CA2006A8BCD /* Database */ = {
			isa = PBXGroup;
			children = (
				EF94F8321FC60CE6006A8BCD /* FirApi.swift */,
				EF94F8341FC60E8B006A8BCD /* SubscriptionApi.swift */,
				EF94F8361FC60EEB006A8BCD /* StarsApi.swift */,
				EF94F8381FC60F1D006A8BCD /* SavedPagesApi.swift */,
				EF94F83A1FC60F48006A8BCD /* TagsApi.swift */,
				EF94F83C1FC6152C006A8BCD /* UserApi.swift */,
				EF94F83E1FC6207F006A8BCD /* ArticleConverter.swift */,
			);
			path = Database;
			sourceTree = "<group>";
		};
		EFAD06331FA25D8100E36241 /* Enums */ = {
			isa = PBXGroup;
			children = (
				EFAD06341FA25DD400E36241 /* Cell.swift */,
				EF184D8F1FA8C6F9000459A4 /* Segue.swift */,
				EF2921E81FAD6296005EC01A /* StoryboardID.swift */,
			);
			path = Enums;
			sourceTree = "<group>";
		};
		EFAD06361FA25E8600E36241 /* Category Explore */ = {
			isa = PBXGroup;
			children = (
				EFAD06371FA25F1400E36241 /* CategoryExploreTableViewController.swift */,
				EFAD06391FA25FBA00E36241 /* SearchTableViewCell.swift */,
				EFAD063B1FA25FE500E36241 /* CategoryExploreTableViewCell.swift */,
				EFAD063D1FA2601E00E36241 /* CategoryExploreCollectionViewCell.swift */,
			);
			path = "Category Explore";
			sourceTree = "<group>";
		};
		EFAD06401FA342C600E36241 /* Explore Open */ = {
			isa = PBXGroup;
			children = (
				EFAD06411FA342FC00E36241 /* ExploreOpenTableViewController.swift */,
				EFAD06431FA34C5000E36241 /* ExploreOpenTableViewCell.swift */,
			);
			path = "Explore Open";
			sourceTree = "<group>";
		};
		EFAD06451FA3818200E36241 /* Objects */ = {
			isa = PBXGroup;
			children = (
				EFAD06461FA3819800E36241 /* SourceList.swift */,
				EFAD06481FA77BE400E36241 /* SourceImages.swift */,
			);
			path = Objects;
			sourceTree = "<group>";
		};
		EFAD064A1FA783BB00E36241 /* Source Images */ = {
			isa = PBXGroup;
			children = (
				EFAD064B1FA783DA00E36241 /* abc-news-au.png */,
				EFAD064C1FA7868C00E36241 /* cnn.png */,
				EF184D551FA7D2C2000459A4 /* al-jazeera-english.png */,
				EF184D851FA7D2C9000459A4 /* ars-technica.png */,
				EF184D741FA7D2C6000459A4 /* associated-press.png */,
				EF184D491FA7D2C1000459A4 /* bbc-news.png */,
				EF184D5E1FA7D2C3000459A4 /* bbc-sport.png */,
				EF184D5F1FA7D2C3000459A4 /* bild.png */,
				EF184D481FA7D2C1000459A4 /* bloomberg.png */,
				EF184D5D1FA7D2C3000459A4 /* breitbart-news.png */,
				EF184D471FA7D2C1000459A4 /* business-insider-uk.png */,
				EF184D7D1FA7D2C8000459A4 /* business-insider.png */,
				EF184D7A1FA7D2C7000459A4 /* buzzfeed.png */,
				EF184D731FA7D2C6000459A4 /* cnbc.png */,
				EF184D861FA7D2C9000459A4 /* der-tagesspiegel.png */,
				EF184D871FA7D2C9000459A4 /* die-zeit.png */,
				EF184D611FA7D2C3000459A4 /* engadget.png */,
				EF184D691FA7D2C5000459A4 /* entertainment-weekly.png */,
				EF184D681FA7D2C5000459A4 /* espn-cric-info.png */,
				EF184D7E1FA7D2C8000459A4 /* espn.png */,
				EF184D641FA7D2C4000459A4 /* financial-times.png */,
				EF184D671FA7D2C4000459A4 /* focus.png */,
				EF184D4A1FA7D2C1000459A4 /* football-italia.png */,
				EF184D4C1FA7D2C2000459A4 /* fortune.png */,
				EF184D6C1FA7D2C5000459A4 /* four-four-two.png */,
				EF184D5C1FA7D2C3000459A4 /* fox-sports.png */,
				EF184D701FA7D2C6000459A4 /* google-news.png */,
				EF184D781FA7D2C7000459A4 /* gruenderszene.png */,
				EF184D761FA7D2C7000459A4 /* hacker-news.png */,
				EF184D7F1FA7D2C8000459A4 /* handelsblatt.png */,
				EF184D601FA7D2C3000459A4 /* ign.png */,
				EF184D521FA7D2C2000459A4 /* independent.png */,
				EF184D6D1FA7D2C5000459A4 /* mashable.png */,
				EF184D5B1FA7D2C3000459A4 /* metro.png */,
				EF184D821FA7D2C9000459A4 /* mirror.png */,
				EF184D621FA7D2C4000459A4 /* mtv-news-uk.png */,
				EF184D791FA7D2C7000459A4 /* mtv-news.png */,
				EF184D4F1FA7D2C2000459A4 /* national-geographic.png */,
				EF184D751FA7D2C6000459A4 /* new-scientist.png */,
				EF184D561FA7D2C2000459A4 /* new-york-magazine.png */,
				EF184D4B1FA7D2C1000459A4 /* newsweek.png */,
				EF184D4D1FA7D2C2000459A4 /* nfl-news.png */,
				EF184D6F1FA7D2C6000459A4 /* polygon.png */,
				EF184D831FA7D2C9000459A4 /* recode.png */,
				EF184D631FA7D2C4000459A4 /* reddit-r-all.png */,
				EF184D571FA7D2C3000459A4 /* reuters.png */,
				EF184D4E1FA7D2C2000459A4 /* spiegel-online.png */,
				EF184D721FA7D2C6000459A4 /* t3n.png */,
				EF184D7B1FA7D2C7000459A4 /* talksport.png */,
				EF184D6E1FA7D2C5000459A4 /* techcrunch.png */,
				EF184D501FA7D2C2000459A4 /* techradar.png */,
				EF184D7C1FA7D2C8000459A4 /* the-economist.png */,
				EF184D6A1FA7D2C5000459A4 /* the-guardian-au.png */,
				EF184D771FA7D2C7000459A4 /* the-guardian-uk.png */,
				EF184D801FA7D2C8000459A4 /* the-hindu.png */,
				EF184D511FA7D2C2000459A4 /* the-huffington-post.png */,
				EF184D591FA7D2C3000459A4 /* the-lad-bible.png */,
				EF184D5A1FA7D2C3000459A4 /* the-new-york-times.png */,
				EF184D6B1FA7D2C5000459A4 /* the-next-web.png */,
				EF184D581FA7D2C3000459A4 /* the-sport-bible.png */,
				EF184D881FA7D2CA000459A4 /* the-telegraph.png */,
				EF184D661FA7D2C4000459A4 /* the-times-of-india.png */,
				EF184D711FA7D2C6000459A4 /* the-verge.png */,
				EF184D811FA7D2C8000459A4 /* the-wall-street-journal.png */,
				EF184D541FA7D2C2000459A4 /* the-washington-post.png */,
				EF184D841FA7D2C9000459A4 /* time.png */,
				EF184D891FA7D2CA000459A4 /* usa-today.png */,
				EF184D531FA7D2C2000459A4 /* wired-de.png */,
				EF184D651FA7D2C4000459A4 /* wirtschafts-woche.png */,
			);
			path = "Source Images";
			sourceTree = "<group>";
		};
		EFD90CBE1FB29CD2007ED3F5 /* Source Open */ = {
			isa = PBXGroup;
			children = (
				EF1E12721FAF23D3000EF3AF /* SubcriptionSourceOpenTableViewController.swift */,
				EFD90CBF1FB29D18007ED3F5 /* SubscriptionSourceOpenTableViewCell.swift */,
			);
			path = "Source Open";
			sourceTree = "<group>";
		};
/* End PBXGroup section */

/* Begin PBXNativeTarget section */
		EF53C92C1F758405009A1DB8 /* Newspaper */ = {
			isa = PBXNativeTarget;
			buildConfigurationList = EF53C93F1F758405009A1DB8 /* Build configuration list for PBXNativeTarget "Newspaper" */;
			buildPhases = (
				4282477D8BCD374AE49AD4D0 /* [CP] Check Pods Manifest.lock */,
				EF53C9291F758405009A1DB8 /* Sources */,
				EF53C92A1F758405009A1DB8 /* Frameworks */,
				EF53C92B1F758405009A1DB8 /* Resources */,
				A0D1D5E30E1C341806CF663F /* [CP] Embed Pods Frameworks */,
				AC5EE5BE0CDAD7CC60956589 /* [CP] Copy Pods Resources */,
			);
			buildRules = (
			);
			dependencies = (
			);
			name = Newspaper;
			productName = Newspaper;
			productReference = EF53C92D1F758405009A1DB8 /* Newspaper.app */;
			productType = "com.apple.product-type.application";
		};
/* End PBXNativeTarget section */

/* Begin PBXProject section */
		EF53C9251F758405009A1DB8 /* Project object */ = {
			isa = PBXProject;
			attributes = {
				LastSwiftUpdateCheck = 0900;
				LastUpgradeCheck = 0900;
				ORGANIZATIONNAME = "Chidi Emeh";
				TargetAttributes = {
					EF53C92C1F758405009A1DB8 = {
						CreatedOnToolsVersion = 9.0;
						ProvisioningStyle = Automatic;
					};
				};
			};
			buildConfigurationList = EF53C9281F758405009A1DB8 /* Build configuration list for PBXProject "Newspaper" */;
			compatibilityVersion = "Xcode 8.0";
			developmentRegion = en;
			hasScannedForEncodings = 0;
			knownRegions = (
				en,
				Base,
			);
			mainGroup = EF53C9241F758405009A1DB8;
			productRefGroup = EF53C92E1F758405009A1DB8 /* Products */;
			projectDirPath = "";
			projectRoot = "";
			targets = (
				EF53C92C1F758405009A1DB8 /* Newspaper */,
			);
		};
/* End PBXProject section */

/* Begin PBXResourcesBuildPhase section */
		EF53C92B1F758405009A1DB8 /* Resources */ = {
			isa = PBXResourcesBuildPhase;
			buildActionMask = 2147483647;
			files = (
				EF5F8EA51FACD5520019EAA4 /* TabBar.storyboard in Resources */,
				EF53C93B1F758405009A1DB8 /* LaunchScreen.storyboard in Resources */,
				EF53C95B1F75F70C009A1DB8 /* GoogleService-Info.plist in Resources */,
				EF5F8EAB1FACDB930019EAA4 /* Stars.storyboard in Resources */,
				EF5F8EAF1FACDC880019EAA4 /* Tags.storyboard in Resources */,
				EF5F8EA91FACD9990019EAA4 /* Subscriptions.storyboard in Resources */,
				EF1831521F9FB36400BE0140 /* Login.storyboard in Resources */,
				EF5F8EAD1FACDC410019EAA4 /* SavedPages.storyboard in Resources */,
			);
			runOnlyForDeploymentPostprocessing = 0;
		};
/* End PBXResourcesBuildPhase section */

/* Begin PBXShellScriptBuildPhase section */
		4282477D8BCD374AE49AD4D0 /* [CP] Check Pods Manifest.lock */ = {
			isa = PBXShellScriptBuildPhase;
			buildActionMask = 2147483647;
			files = (
			);
			inputPaths = (
				"${PODS_PODFILE_DIR_PATH}/Podfile.lock",
				"${PODS_ROOT}/Manifest.lock",
			);
			name = "[CP] Check Pods Manifest.lock";
			outputPaths = (
				"$(DERIVED_FILE_DIR)/Pods-Newspaper-checkManifestLockResult.txt",
			);
			runOnlyForDeploymentPostprocessing = 0;
			shellPath = /bin/sh;
			shellScript = "diff \"${PODS_PODFILE_DIR_PATH}/Podfile.lock\" \"${PODS_ROOT}/Manifest.lock\" > /dev/null\nif [ $? != 0 ] ; then\n    # print error to STDERR\n    echo \"error: The sandbox is not in sync with the Podfile.lock. Run 'pod install' or update your CocoaPods installation.\" >&2\n    exit 1\nfi\n# This output is used by Xcode 'outputs' to avoid re-running this script phase.\necho \"SUCCESS\" > \"${SCRIPT_OUTPUT_FILE_0}\"\n";
			showEnvVarsInLog = 0;
		};
		A0D1D5E30E1C341806CF663F /* [CP] Embed Pods Frameworks */ = {
			isa = PBXShellScriptBuildPhase;
			buildActionMask = 2147483647;
			files = (
			);
			inputPaths = (
				"${SRCROOT}/Pods/Target Support Files/Pods-Newspaper/Pods-Newspaper-frameworks.sh",
				"${BUILT_PRODUCTS_DIR}/GTMSessionFetcher/GTMSessionFetcher.framework",
				"${BUILT_PRODUCTS_DIR}/GoogleToolboxForMac/GoogleToolboxForMac.framework",
				"${BUILT_PRODUCTS_DIR}/SVProgressHUD/SVProgressHUD.framework",
				"${BUILT_PRODUCTS_DIR}/leveldb-library/leveldb.framework",
				"${BUILT_PRODUCTS_DIR}/nanopb/nanopb.framework",
			);
			name = "[CP] Embed Pods Frameworks";
			outputPaths = (
				"${TARGET_BUILD_DIR}/${FRAMEWORKS_FOLDER_PATH}/GTMSessionFetcher.framework",
				"${TARGET_BUILD_DIR}/${FRAMEWORKS_FOLDER_PATH}/GoogleToolboxForMac.framework",
				"${TARGET_BUILD_DIR}/${FRAMEWORKS_FOLDER_PATH}/SVProgressHUD.framework",
				"${TARGET_BUILD_DIR}/${FRAMEWORKS_FOLDER_PATH}/leveldb.framework",
				"${TARGET_BUILD_DIR}/${FRAMEWORKS_FOLDER_PATH}/nanopb.framework",
			);
			runOnlyForDeploymentPostprocessing = 0;
			shellPath = /bin/sh;
			shellScript = "\"${SRCROOT}/Pods/Target Support Files/Pods-Newspaper/Pods-Newspaper-frameworks.sh\"\n";
			showEnvVarsInLog = 0;
		};
		AC5EE5BE0CDAD7CC60956589 /* [CP] Copy Pods Resources */ = {
			isa = PBXShellScriptBuildPhase;
			buildActionMask = 2147483647;
			files = (
			);
			inputPaths = (
			);
			name = "[CP] Copy Pods Resources";
			outputPaths = (
			);
			runOnlyForDeploymentPostprocessing = 0;
			shellPath = /bin/sh;
			shellScript = "\"${SRCROOT}/Pods/Target Support Files/Pods-Newspaper/Pods-Newspaper-resources.sh\"\n";
			showEnvVarsInLog = 0;
		};
/* End PBXShellScriptBuildPhase section */

/* Begin PBXSourcesBuildPhase section */
		EF53C9291F758405009A1DB8 /* Sources */ = {
			isa = PBXSourcesBuildPhase;
			buildActionMask = 2147483647;
			files = (
				EF53C9331F758405009A1DB8 /* ViewController.swift in Sources */,
				EF94F83F1FC6207F006A8BCD /* ArticleConverter.swift in Sources */,
				EF53C9311F758405009A1DB8 /* AppDelegate.swift in Sources */,
				EF5F8E9F1FAC251F0019EAA4 /* TagSearchTableViewCell.swift in Sources */,
				EF53C94D1F759D44009A1DB8 /* Source.swift in Sources */,
				EFAD06381FA25F1400E36241 /* CategoryExploreTableViewController.swift in Sources */,
				EF53C9531F75C983009A1DB8 /* NewsAPIServices.swift in Sources */,
				EFAD063A1FA25FBA00E36241 /* SearchTableViewCell.swift in Sources */,
				EF5F8E9D1FAC1BB60019EAA4 /* SavedSourceTableViewCell.swift in Sources */,
				EF1831591FA00BFB00BE0140 /* MoreLoginOptionViewController.swift in Sources */,
				EFAD06491FA77BE400E36241 /* SourceImages.swift in Sources */,
				EF184DA41FAB9C7E000459A4 /* SavedPagesTableViewController.swift in Sources */,
				EF5F8EA31FAC2A0D0019EAA4 /* TagTableViewCell.swift in Sources */,
				EF184DB51FABD1C8000459A4 /* AllArticlesTableViewCell.swift in Sources */,
				EF2921E41FAD03CA005EC01A /* Extensions.swift in Sources */,
				EF18315F1FA011EB00BE0140 /* CreateAccountViewController.swift in Sources */,
				EF94F8371FC60EEB006A8BCD /* StarsApi.swift in Sources */,
				EF184DB71FABD571000459A4 /* SubsriptionSourcesTableViewCell.swift in Sources */,
				EF53C94F1F759D54009A1DB8 /* Sources.swift in Sources */,
				EF94F8331FC60CE6006A8BCD /* FirApi.swift in Sources */,
				EFAD063E1FA2601E00E36241 /* CategoryExploreCollectionViewCell.swift in Sources */,
				EF1831571FA008D000BE0140 /* StartViewController.swift in Sources */,
				EFAD06421FA342FC00E36241 /* ExploreOpenTableViewController.swift in Sources */,
				EFAD063C1FA25FE500E36241 /* CategoryExploreTableViewCell.swift in Sources */,
				EF53C9461F759569009A1DB8 /* NetworkProcessor.swift in Sources */,
				EFAD06441FA34C5000E36241 /* ExploreOpenTableViewCell.swift in Sources */,
				EF1E12731FAF23D3000EF3AF /* SubcriptionSourceOpenTableViewController.swift in Sources */,
				EF184DBD1FABE62E000459A4 /* StarsSearchTableViewCell.swift in Sources */,
				EF184D8E1FA815F7000459A4 /* SourceOpenTableViewCell.swift in Sources */,
				EF184DA71FAB9CF2000459A4 /* TagsTableViewController.swift in Sources */,
				EFD90CC01FB29D18007ED3F5 /* SubscriptionSourceOpenTableViewCell.swift in Sources */,
				EF5F8EA11FAC26640019EAA4 /* AllTagsTableViewCell.swift in Sources */,
				EF2921E91FAD6296005EC01A /* StoryboardID.swift in Sources */,
				EF94F8351FC60E8B006A8BCD /* SubscriptionApi.swift in Sources */,
				EF184D901FA8C6F9000459A4 /* Segue.swift in Sources */,
				EF184DBB1FABE5D7000459A4 /* StarsTableViewCell.swift in Sources */,
				EF184D8C1FA813E8000459A4 /* SourceOpenTableViewController.swift in Sources */,
				EF18315D1FA011C000BE0140 /* LogInViewController.swift in Sources */,
				EF94F83D1FC6152C006A8BCD /* UserApi.swift in Sources */,
				EF184D971FAB96EA000459A4 /* SubscriptionTableViewController.swift in Sources */,
				EF53C94B1F759D09009A1DB8 /* Articles.swift in Sources */,
				EF53C9491F759CF9009A1DB8 /* Article.swift in Sources */,
				EF53C95D1F75F83C009A1DB8 /* FirArticle.swift in Sources */,
				EF1E12711FAD94B7000EF3AF /* StartTabBarController.swift in Sources */,
				EF1831611FA0D1EF00BE0140 /* AuthService.swift in Sources */,
				EFAD06471FA3819800E36241 /* SourceList.swift in Sources */,
				EF184D941FAABD43000459A4 /* ArticleOpenViewController.swift in Sources */,
				EF184DA11FAB9BBA000459A4 /* StarsTableViewController.swift in Sources */,
				EF184DB31FABCE99000459A4 /* SubscriptionSearchTableViewCell.swift in Sources */,
				EFAD06351FA25DD400E36241 /* Cell.swift in Sources */,
				EF5F8E9B1FAC1A740019EAA4 /* SavedSearchTableViewCell.swift in Sources */,
				EF94F8391FC60F1D006A8BCD /* SavedPagesApi.swift in Sources */,
				EF94F83B1FC60F48006A8BCD /* TagsApi.swift in Sources */,
			);
			runOnlyForDeploymentPostprocessing = 0;
		};
/* End PBXSourcesBuildPhase section */

/* Begin PBXVariantGroup section */
		EF53C9391F758405009A1DB8 /* LaunchScreen.storyboard */ = {
			isa = PBXVariantGroup;
			children = (
				EF53C93A1F758405009A1DB8 /* Base */,
			);
			name = LaunchScreen.storyboard;
			sourceTree = "<group>";
		};
/* End PBXVariantGroup section */

/* Begin XCBuildConfiguration section */
		EF53C93D1F758405009A1DB8 /* Debug */ = {
			isa = XCBuildConfiguration;
			buildSettings = {
				ALWAYS_SEARCH_USER_PATHS = NO;
				CLANG_ANALYZER_NONNULL = YES;
				CLANG_ANALYZER_NUMBER_OBJECT_CONVERSION = YES_AGGRESSIVE;
				CLANG_CXX_LANGUAGE_STANDARD = "gnu++14";
				CLANG_CXX_LIBRARY = "libc++";
				CLANG_ENABLE_MODULES = YES;
				CLANG_ENABLE_OBJC_ARC = YES;
				CLANG_WARN_BLOCK_CAPTURE_AUTORELEASING = YES;
				CLANG_WARN_BOOL_CONVERSION = YES;
				CLANG_WARN_COMMA = YES;
				CLANG_WARN_CONSTANT_CONVERSION = YES;
				CLANG_WARN_DIRECT_OBJC_ISA_USAGE = YES_ERROR;
				CLANG_WARN_DOCUMENTATION_COMMENTS = YES;
				CLANG_WARN_EMPTY_BODY = YES;
				CLANG_WARN_ENUM_CONVERSION = YES;
				CLANG_WARN_INFINITE_RECURSION = YES;
				CLANG_WARN_INT_CONVERSION = YES;
				CLANG_WARN_NON_LITERAL_NULL_CONVERSION = YES;
				CLANG_WARN_OBJC_LITERAL_CONVERSION = YES;
				CLANG_WARN_OBJC_ROOT_CLASS = YES_ERROR;
				CLANG_WARN_RANGE_LOOP_ANALYSIS = YES;
				CLANG_WARN_STRICT_PROTOTYPES = YES;
				CLANG_WARN_SUSPICIOUS_MOVE = YES;
				CLANG_WARN_UNGUARDED_AVAILABILITY = YES_AGGRESSIVE;
				CLANG_WARN_UNREACHABLE_CODE = YES;
				CLANG_WARN__DUPLICATE_METHOD_MATCH = YES;
				CODE_SIGN_IDENTITY = "iPhone Developer";
				COPY_PHASE_STRIP = NO;
				DEBUG_INFORMATION_FORMAT = dwarf;
				ENABLE_STRICT_OBJC_MSGSEND = YES;
				ENABLE_TESTABILITY = YES;
				GCC_C_LANGUAGE_STANDARD = gnu11;
				GCC_DYNAMIC_NO_PIC = NO;
				GCC_NO_COMMON_BLOCKS = YES;
				GCC_OPTIMIZATION_LEVEL = 0;
				GCC_PREPROCESSOR_DEFINITIONS = (
					"DEBUG=1",
					"$(inherited)",
				);
				GCC_WARN_64_TO_32_BIT_CONVERSION = YES;
				GCC_WARN_ABOUT_RETURN_TYPE = YES_ERROR;
				GCC_WARN_UNDECLARED_SELECTOR = YES;
				GCC_WARN_UNINITIALIZED_AUTOS = YES_AGGRESSIVE;
				GCC_WARN_UNUSED_FUNCTION = YES;
				GCC_WARN_UNUSED_VARIABLE = YES;
				IPHONEOS_DEPLOYMENT_TARGET = 11.0;
				MTL_ENABLE_DEBUG_INFO = YES;
				ONLY_ACTIVE_ARCH = YES;
				SDKROOT = iphoneos;
				SWIFT_ACTIVE_COMPILATION_CONDITIONS = DEBUG;
				SWIFT_OPTIMIZATION_LEVEL = "-Onone";
			};
			name = Debug;
		};
		EF53C93E1F758405009A1DB8 /* Release */ = {
			isa = XCBuildConfiguration;
			buildSettings = {
				ALWAYS_SEARCH_USER_PATHS = NO;
				CLANG_ANALYZER_NONNULL = YES;
				CLANG_ANALYZER_NUMBER_OBJECT_CONVERSION = YES_AGGRESSIVE;
				CLANG_CXX_LANGUAGE_STANDARD = "gnu++14";
				CLANG_CXX_LIBRARY = "libc++";
				CLANG_ENABLE_MODULES = YES;
				CLANG_ENABLE_OBJC_ARC = YES;
				CLANG_WARN_BLOCK_CAPTURE_AUTORELEASING = YES;
				CLANG_WARN_BOOL_CONVERSION = YES;
				CLANG_WARN_COMMA = YES;
				CLANG_WARN_CONSTANT_CONVERSION = YES;
				CLANG_WARN_DIRECT_OBJC_ISA_USAGE = YES_ERROR;
				CLANG_WARN_DOCUMENTATION_COMMENTS = YES;
				CLANG_WARN_EMPTY_BODY = YES;
				CLANG_WARN_ENUM_CONVERSION = YES;
				CLANG_WARN_INFINITE_RECURSION = YES;
				CLANG_WARN_INT_CONVERSION = YES;
				CLANG_WARN_NON_LITERAL_NULL_CONVERSION = YES;
				CLANG_WARN_OBJC_LITERAL_CONVERSION = YES;
				CLANG_WARN_OBJC_ROOT_CLASS = YES_ERROR;
				CLANG_WARN_RANGE_LOOP_ANALYSIS = YES;
				CLANG_WARN_STRICT_PROTOTYPES = YES;
				CLANG_WARN_SUSPICIOUS_MOVE = YES;
				CLANG_WARN_UNGUARDED_AVAILABILITY = YES_AGGRESSIVE;
				CLANG_WARN_UNREACHABLE_CODE = YES;
				CLANG_WARN__DUPLICATE_METHOD_MATCH = YES;
				CODE_SIGN_IDENTITY = "iPhone Developer";
				COPY_PHASE_STRIP = NO;
				DEBUG_INFORMATION_FORMAT = "dwarf-with-dsym";
				ENABLE_NS_ASSERTIONS = NO;
				ENABLE_STRICT_OBJC_MSGSEND = YES;
				GCC_C_LANGUAGE_STANDARD = gnu11;
				GCC_NO_COMMON_BLOCKS = YES;
				GCC_WARN_64_TO_32_BIT_CONVERSION = YES;
				GCC_WARN_ABOUT_RETURN_TYPE = YES_ERROR;
				GCC_WARN_UNDECLARED_SELECTOR = YES;
				GCC_WARN_UNINITIALIZED_AUTOS = YES_AGGRESSIVE;
				GCC_WARN_UNUSED_FUNCTION = YES;
				GCC_WARN_UNUSED_VARIABLE = YES;
				IPHONEOS_DEPLOYMENT_TARGET = 11.0;
				MTL_ENABLE_DEBUG_INFO = NO;
				SDKROOT = iphoneos;
				SWIFT_OPTIMIZATION_LEVEL = "-Owholemodule";
				VALIDATE_PRODUCT = YES;
			};
			name = Release;
		};
		EF53C9401F758405009A1DB8 /* Debug */ = {
			isa = XCBuildConfiguration;
			baseConfigurationReference = B852147EC626797A51C02FB9 /* Pods-Newspaper.debug.xcconfig */;
			buildSettings = {
				ASSETCATALOG_COMPILER_APPICON_NAME = AppIcon;
				CODE_SIGN_STYLE = Automatic;
				DEVELOPMENT_TEAM = 8V82X98L5Q;
				INFOPLIST_FILE = Newspaper/Info.plist;
				IPHONEOS_DEPLOYMENT_TARGET = 11.0;
				LD_RUNPATH_SEARCH_PATHS = "$(inherited) @executable_path/Frameworks";
				PRODUCT_BUNDLE_IDENTIFIER = com.gmail.chidiemeh184.Newspaper;
				PRODUCT_NAME = "$(TARGET_NAME)";
				SWIFT_VERSION = 4.0;
				TARGETED_DEVICE_FAMILY = "1,2";
			};
			name = Debug;
		};
		EF53C9411F758405009A1DB8 /* Release */ = {
			isa = XCBuildConfiguration;
			baseConfigurationReference = 5C56B5B7B975620DFBB369B7 /* Pods-Newspaper.release.xcconfig */;
			buildSettings = {
				ASSETCATALOG_COMPILER_APPICON_NAME = AppIcon;
				CODE_SIGN_STYLE = Automatic;
				DEVELOPMENT_TEAM = 8V82X98L5Q;
				INFOPLIST_FILE = Newspaper/Info.plist;
				IPHONEOS_DEPLOYMENT_TARGET = 11.0;
				LD_RUNPATH_SEARCH_PATHS = "$(inherited) @executable_path/Frameworks";
				PRODUCT_BUNDLE_IDENTIFIER = com.gmail.chidiemeh184.Newspaper;
				PRODUCT_NAME = "$(TARGET_NAME)";
				SWIFT_VERSION = 4.0;
				TARGETED_DEVICE_FAMILY = "1,2";
			};
			name = Release;
		};
/* End XCBuildConfiguration section */

/* Begin XCConfigurationList section */
		EF53C9281F758405009A1DB8 /* Build configuration list for PBXProject "Newspaper" */ = {
			isa = XCConfigurationList;
			buildConfigurations = (
				EF53C93D1F758405009A1DB8 /* Debug */,
				EF53C93E1F758405009A1DB8 /* Release */,
			);
			defaultConfigurationIsVisible = 0;
			defaultConfigurationName = Release;
		};
		EF53C93F1F758405009A1DB8 /* Build configuration list for PBXNativeTarget "Newspaper" */ = {
			isa = XCConfigurationList;
			buildConfigurations = (
				EF53C9401F758405009A1DB8 /* Debug */,
				EF53C9411F758405009A1DB8 /* Release */,
			);
			defaultConfigurationIsVisible = 0;
			defaultConfigurationName = Release;
		};
/* End XCConfigurationList section */
	};
	rootObject = EF53C9251F758405009A1DB8 /* Project object */;
}
